
Microsoft Visual Studio Solution File, Format Version 12.00
# Visual Studio Version 16
VisualStudioVersion = 16.0.29519.181
MinimumVisualStudioVersion = 10.0.40219.1
Project("{9A19103F-16F7-4668-BE54-9A1E7A4F7556}") = "GenericAsyncRepository", "GenericAsyncRepository\GenericAsyncRepository.csproj", "{0A3453CF-EB7A-4154-9800-C6BA1FB11828}"
EndProject
Project("{FAE04EC0-301F-11D3-BF4B-00C04F79EFBC}") = "ExampleRepositoryClient", "ExampleRepositoryClient\ExampleRepositoryClient.csproj", "{BC8B3086-0B27-4167-88EE-FECB38323546}"
EndProject
Global
	GlobalSection(SolutionConfigurationPlatforms) = preSolution
		Debug|Any CPU = Debug|Any CPU
		Release|Any CPU = Release|Any CPU
	EndGlobalSection
	GlobalSection(ProjectConfigurationPlatforms) = postSolution
		{0A3453CF-EB7A-4154-9800-C6BA1FB11828}.Debug|Any CPU.ActiveCfg = Debug|Any CPU
		{0A3453CF-EB7A-4154-9800-C6BA1FB11828}.Debug|Any CPU.Build.0 = Debug|Any CPU
		{0A3453CF-EB7A-4154-9800-C6BA1FB11828}.Release|Any CPU.ActiveCfg = Release|Any CPU
		{0A3453CF-EB7A-4154-9800-C6BA1FB11828}.Release|Any CPU.Build.0 = Release|Any CPU
		{BC8B3086-0B27-4167-88EE-FECB38323546}.Debug|Any CPU.ActiveCfg = Debug|Any CPU
		{BC8B3086-0B27-4167-88EE-FECB38323546}.Debug|Any CPU.Build.0 = Debug|Any CPU
		{BC8B3086-0B27-4167-88EE-FECB38323546}.Release|Any CPU.ActiveCfg = Release|Any CPU
		{BC8B3086-0B27-4167-88EE-FECB38323546}.Release|Any CPU.Build.0 = Release|Any CPU
	EndGlobalSection
	GlobalSection(SolutionProperties) = preSolution
		HideSolutionNode = FALSE
	EndGlobalSection
	GlobalSection(ExtensibilityGlobals) = postSolution
		SolutionGuid = {22DD4880-E828-4EE0-AD7D-9B3370ED0EDB}
	EndGlobalSection
EndGlobal
